
Microsoft Visual Studio Solution File, Format Version 12.00
# Visual Studio Version 16
VisualStudioVersion = 16.0.30204.135
MinimumVisualStudioVersion = 10.0.40219.1
Project("{FAE04EC0-301F-11D3-BF4B-00C04F79EFBC}") = "Assignment2Tiktok", "Tiktok\Assignment2Tiktok.csproj", "{248C18F8-1A74-4587-A0EB-906D6634AE1B}"
EndProject
Global
	GlobalSection(SolutionConfigurationPlatforms) = preSolution
		Debug|Any CPU = Debug|Any CPU
		Release|Any CPU = Release|Any CPU
	EndGlobalSection
	GlobalSection(ProjectConfigurationPlatforms) = postSolution
		{248C18F8-1A74-4587-A0EB-906D6634AE1B}.Debug|Any CPU.ActiveCfg = Debug|Any CPU
		{248C18F8-1A74-4587-A0EB-906D6634AE1B}.Debug|Any CPU.Build.0 = Debug|Any CPU
		{248C18F8-1A74-4587-A0EB-906D6634AE1B}.Release|Any CPU.ActiveCfg = Release|Any CPU
		{248C18F8-1A74-4587-A0EB-906D6634AE1B}.Release|Any CPU.Build.0 = Release|Any CPU
	EndGlobalSection
	GlobalSection(SolutionProperties) = preSolution
		HideSolutionNode = FALSE
	EndGlobalSection
	GlobalSection(ExtensibilityGlobals) = postSolution
		SolutionGuid = {40DB719B-859D-4D46-BA73-07DFD595CD68}
	EndGlobalSection
EndGlobal
